// !$*UTF8*$!
{
	archiveVersion = 1;
	classes = {
	};
	objectVersion = 46;
	objects = {

/* Begin PBXBuildFile section */
		2A13C8B1167D29980082C4DF /* Helvetica LT 55 Roman.ttf in Resources */ = {isa = PBXBuildFile; fileRef = 2A13C8B0167D29980082C4DF /* Helvetica LT 55 Roman.ttf */; };
		2A13C8C7167D49B10082C4DF /* LoginViewController.m in Sources */ = {isa = PBXBuildFile; fileRef = 2A13C8C6167D49B10082C4DF /* LoginViewController.m */; };
		2A13C8CA167D52380082C4DF /* DrawingView.m in Sources */ = {isa = PBXBuildFile; fileRef = 2A13C8C9167D52380082C4DF /* DrawingView.m */; };
		2A24D8CD167CE262002920C0 /* lobster.ttf in Resources */ = {isa = PBXBuildFile; fileRef = 2A24D8CC167CE262002920C0 /* lobster.ttf */; };
		2A24D8CF167CE5EF002920C0 /* QuartzCore.framework in Frameworks */ = {isa = PBXBuildFile; fileRef = 2A24D8CE167CE5EF002920C0 /* QuartzCore.framework */; };
		2A4219F5167A4E1800753D8F /* Accounts.framework in Frameworks */ = {isa = PBXBuildFile; fileRef = 2A4219F4167A4E1800753D8F /* Accounts.framework */; };
		2A4219F8167A4E1F00753D8F /* AdSupport.framework in Frameworks */ = {isa = PBXBuildFile; fileRef = 2A4219F7167A4E1F00753D8F /* AdSupport.framework */; };
		2A8DA7B416701D6200A105F6 /* UIKit.framework in Frameworks */ = {isa = PBXBuildFile; fileRef = 2A8DA7B316701D6200A105F6 /* UIKit.framework */; };
		2A8DA7B616701D6200A105F6 /* Foundation.framework in Frameworks */ = {isa = PBXBuildFile; fileRef = 2A8DA7B516701D6200A105F6 /* Foundation.framework */; };
		2A8DA7B816701D6200A105F6 /* CoreGraphics.framework in Frameworks */ = {isa = PBXBuildFile; fileRef = 2A8DA7B716701D6200A105F6 /* CoreGraphics.framework */; };
		2A8DA7BE16701D6200A105F6 /* InfoPlist.strings in Resources */ = {isa = PBXBuildFile; fileRef = 2A8DA7BC16701D6200A105F6 /* InfoPlist.strings */; };
		2A8DA7C016701D6200A105F6 /* main.m in Sources */ = {isa = PBXBuildFile; fileRef = 2A8DA7BF16701D6200A105F6 /* main.m */; };
		2A8DA7C416701D6200A105F6 /* AppDelegate.m in Sources */ = {isa = PBXBuildFile; fileRef = 2A8DA7C316701D6200A105F6 /* AppDelegate.m */; };
		2A8DA7C616701D6200A105F6 /* Default.png in Resources */ = {isa = PBXBuildFile; fileRef = 2A8DA7C516701D6200A105F6 /* Default.png */; };
		2A8DA7C816701D6200A105F6 /* Default@2x.png in Resources */ = {isa = PBXBuildFile; fileRef = 2A8DA7C716701D6200A105F6 /* Default@2x.png */; };
		2A8DA7CA16701D6200A105F6 /* Default-568h@2x.png in Resources */ = {isa = PBXBuildFile; fileRef = 2A8DA7C916701D6200A105F6 /* Default-568h@2x.png */; };
		2A8DA7CD16701D6200A105F6 /* MainStoryboard.storyboard in Resources */ = {isa = PBXBuildFile; fileRef = 2A8DA7CB16701D6200A105F6 /* MainStoryboard.storyboard */; };
		2A8DA7D016701D6200A105F6 /* ViewController.m in Sources */ = {isa = PBXBuildFile; fileRef = 2A8DA7CF16701D6200A105F6 /* ViewController.m */; };
		2AF13CD21670201F00B04ABB /* FacebookSDK.framework in Frameworks */ = {isa = PBXBuildFile; fileRef = 2AF13CD11670201F00B04ABB /* FacebookSDK.framework */; };
		2AF13CD61670202500B04ABB /* FacebookSDKResources.bundle in Resources */ = {isa = PBXBuildFile; fileRef = 2AF13CD41670202500B04ABB /* FacebookSDKResources.bundle */; };
		2AF13CD71670202500B04ABB /* FBUserSettingsViewResources.bundle in Resources */ = {isa = PBXBuildFile; fileRef = 2AF13CD51670202500B04ABB /* FBUserSettingsViewResources.bundle */; };
		2AF13CDD167020E300B04ABB /* workout.jpg in Resources */ = {isa = PBXBuildFile; fileRef = 2AF13CDC167020E300B04ABB /* workout.jpg */; };
		914994F4167022A600F88B2F /* logo.png in Resources */ = {isa = PBXBuildFile; fileRef = 914994F2167022A600F88B2F /* logo.png */; };
		914994F5167022A600F88B2F /* logo@2x.png in Resources */ = {isa = PBXBuildFile; fileRef = 914994F3167022A600F88B2F /* logo@2x.png */; };
		9153588A16792E6C00BE9863 /* titlebg.png in Resources */ = {isa = PBXBuildFile; fileRef = 9153588816792E6B00BE9863 /* titlebg.png */; };
		9153588B16792E6C00BE9863 /* titlebg@2x.png in Resources */ = {isa = PBXBuildFile; fileRef = 9153588916792E6B00BE9863 /* titlebg@2x.png */; };
		915B071E1678F80100A8BBA0 /* loginbg.png in Resources */ = {isa = PBXBuildFile; fileRef = 915B071B1678F80100A8BBA0 /* loginbg.png */; };
		915B071F1678F80100A8BBA0 /* connectwfb@2x.png in Resources */ = {isa = PBXBuildFile; fileRef = 915B071C1678F80100A8BBA0 /* connectwfb@2x.png */; };
		915B07201678F80100A8BBA0 /* connectwfbclick@2x.png in Resources */ = {isa = PBXBuildFile; fileRef = 915B071D1678F80100A8BBA0 /* connectwfbclick@2x.png */; };
		915B07261678F8CB00A8BBA0 /* roundrectbg.png in Resources */ = {isa = PBXBuildFile; fileRef = 915B07221678F8CB00A8BBA0 /* roundrectbg.png */; };
		915B07271678F8CB00A8BBA0 /* roundrectbgclick.png in Resources */ = {isa = PBXBuildFile; fileRef = 915B07231678F8CB00A8BBA0 /* roundrectbgclick.png */; };
		915B07281678F8CB00A8BBA0 /* roundrectbg@2x.png in Resources */ = {isa = PBXBuildFile; fileRef = 915B07241678F8CB00A8BBA0 /* roundrectbg@2x.png */; };
		915B07291678F8CB00A8BBA0 /* roundrectbgclick@2x.png in Resources */ = {isa = PBXBuildFile; fileRef = 915B07251678F8CB00A8BBA0 /* roundrectbgclick@2x.png */; };
		915B07321679127500A8BBA0 /* startworkout.png in Resources */ = {isa = PBXBuildFile; fileRef = 915B072E1679127500A8BBA0 /* startworkout.png */; };
		915B07331679127500A8BBA0 /* startworkoutclick.png in Resources */ = {isa = PBXBuildFile; fileRef = 915B072F1679127500A8BBA0 /* startworkoutclick.png */; };
		915B07341679127500A8BBA0 /* startworkoutclick@2x.png in Resources */ = {isa = PBXBuildFile; fileRef = 915B07301679127500A8BBA0 /* startworkoutclick@2x.png */; };
		915B07351679127500A8BBA0 /* startworkout@2x.png in Resources */ = {isa = PBXBuildFile; fileRef = 915B07311679127500A8BBA0 /* startworkout@2x.png */; };
		915B07381679176100A8BBA0 /* segments.png in Resources */ = {isa = PBXBuildFile; fileRef = 915B07361679176000A8BBA0 /* segments.png */; };
		915B07391679176100A8BBA0 /* segments@2x.png in Resources */ = {isa = PBXBuildFile; fileRef = 915B07371679176000A8BBA0 /* segments@2x.png */; };
		915B074016792D2C00A8BBA0 /* wrktabg.png in Resources */ = {isa = PBXBuildFile; fileRef = 915B073C16792D2B00A8BBA0 /* wrktabg.png */; };
		915B074116792D2C00A8BBA0 /* wrktabg@2x.png in Resources */ = {isa = PBXBuildFile; fileRef = 915B073D16792D2C00A8BBA0 /* wrktabg@2x.png */; };
		9163196F167D12A000753438 /* tabbg.png in Resources */ = {isa = PBXBuildFile; fileRef = 9163196D167D129F00753438 /* tabbg.png */; };
		91631970167D12A000753438 /* tabbg@2x.png in Resources */ = {isa = PBXBuildFile; fileRef = 9163196E167D129F00753438 /* tabbg@2x.png */; };
		91631973167D134600753438 /* tabselected.png in Resources */ = {isa = PBXBuildFile; fileRef = 91631971167D134500753438 /* tabselected.png */; };
		91631974167D134600753438 /* tabselected@2x.png in Resources */ = {isa = PBXBuildFile; fileRef = 91631972167D134500753438 /* tabselected@2x.png */; };
		9163197F167D16F000753438 /* settings.png in Resources */ = {isa = PBXBuildFile; fileRef = 91631975167D16A900753438 /* settings.png */; };
		91631980167D16F000753438 /* alexis.png in Resources */ = {isa = PBXBuildFile; fileRef = 91631976167D16AA00753438 /* alexis.png */; };
		91631981167D16F000753438 /* workout.png in Resources */ = {isa = PBXBuildFile; fileRef = 91631977167D16AC00753438 /* workout.png */; };
		91631982167D16F000753438 /* feed.png in Resources */ = {isa = PBXBuildFile; fileRef = 91631978167D16B000753438 /* feed.png */; };
		91631983167D16F000753438 /* you.png in Resources */ = {isa = PBXBuildFile; fileRef = 91631979167D16B500753438 /* you.png */; };
		917192A2167D2C49003E1B62 /* workouttabbut.png in Resources */ = {isa = PBXBuildFile; fileRef = 917192A1167D2C49003E1B62 /* workouttabbut.png */; };
		91BD7AF916718B85008423D3 /* Default.png in Resources */ = {isa = PBXBuildFile; fileRef = 91BD7AF816718B85008423D3 /* Default.png */; };
		91E1463516703AE300322939 /* applogo@2x.png in Resources */ = {isa = PBXBuildFile; fileRef = 91E1463416703AE300322939 /* applogo@2x.png */; };
		91E1463816703B0700322939 /* applogo.png in Resources */ = {isa = PBXBuildFile; fileRef = 91E1463716703B0700322939 /* applogo.png */; };
/* End PBXBuildFile section */

/* Begin PBXFileReference section */
		2A13C8B0167D29980082C4DF /* Helvetica LT 55 Roman.ttf */ = {isa = PBXFileReference; lastKnownFileType = file; path = "Helvetica LT 55 Roman.ttf"; sourceTree = "<group>"; };
		2A13C8C5167D49B10082C4DF /* LoginViewController.h */ = {isa = PBXFileReference; fileEncoding = 4; lastKnownFileType = sourcecode.c.h; path = LoginViewController.h; sourceTree = "<group>"; };
		2A13C8C6167D49B10082C4DF /* LoginViewController.m */ = {isa = PBXFileReference; fileEncoding = 4; lastKnownFileType = sourcecode.c.objc; path = LoginViewController.m; sourceTree = "<group>"; };
		2A13C8C8167D52380082C4DF /* DrawingView.h */ = {isa = PBXFileReference; fileEncoding = 4; lastKnownFileType = sourcecode.c.h; path = DrawingView.h; sourceTree = "<group>"; };
		2A13C8C9167D52380082C4DF /* DrawingView.m */ = {isa = PBXFileReference; fileEncoding = 4; lastKnownFileType = sourcecode.c.objc; path = DrawingView.m; sourceTree = "<group>"; };
		2A13C8CE167D65070082C4DF /* RestKit.xcodeproj */ = {isa = PBXFileReference; lastKnownFileType = "wrapper.pb-project"; name = RestKit.xcodeproj; path = "RestKit-0.20.0-pre4/RestKit.xcodeproj"; sourceTree = "<group>"; };
		2A24D8CC167CE262002920C0 /* lobster.ttf */ = {isa = PBXFileReference; lastKnownFileType = file; path = lobster.ttf; sourceTree = "<group>"; };
		2A24D8CE167CE5EF002920C0 /* QuartzCore.framework */ = {isa = PBXFileReference; lastKnownFileType = wrapper.framework; name = QuartzCore.framework; path = System/Library/Frameworks/QuartzCore.framework; sourceTree = SDKROOT; };
		2A4219F4167A4E1800753D8F /* Accounts.framework */ = {isa = PBXFileReference; lastKnownFileType = wrapper.framework; name = Accounts.framework; path = System/Library/Frameworks/Accounts.framework; sourceTree = SDKROOT; };
		2A4219F7167A4E1F00753D8F /* AdSupport.framework */ = {isa = PBXFileReference; lastKnownFileType = wrapper.framework; name = AdSupport.framework; path = System/Library/Frameworks/AdSupport.framework; sourceTree = SDKROOT; };
		2A8DA7AF16701D6200A105F6 /* Fittr.app */ = {isa = PBXFileReference; explicitFileType = wrapper.application; includeInIndex = 0; path = Fittr.app; sourceTree = BUILT_PRODUCTS_DIR; };
		2A8DA7B316701D6200A105F6 /* UIKit.framework */ = {isa = PBXFileReference; lastKnownFileType = wrapper.framework; name = UIKit.framework; path = System/Library/Frameworks/UIKit.framework; sourceTree = SDKROOT; };
		2A8DA7B516701D6200A105F6 /* Foundation.framework */ = {isa = PBXFileReference; lastKnownFileType = wrapper.framework; name = Foundation.framework; path = System/Library/Frameworks/Foundation.framework; sourceTree = SDKROOT; };
		2A8DA7B716701D6200A105F6 /* CoreGraphics.framework */ = {isa = PBXFileReference; lastKnownFileType = wrapper.framework; name = CoreGraphics.framework; path = System/Library/Frameworks/CoreGraphics.framework; sourceTree = SDKROOT; };
		2A8DA7BB16701D6200A105F6 /* Fittr-Info.plist */ = {isa = PBXFileReference; lastKnownFileType = text.plist.xml; path = "Fittr-Info.plist"; sourceTree = "<group>"; };
		2A8DA7BD16701D6200A105F6 /* en */ = {isa = PBXFileReference; lastKnownFileType = text.plist.strings; name = en; path = en.lproj/InfoPlist.strings; sourceTree = "<group>"; };
		2A8DA7BF16701D6200A105F6 /* main.m */ = {isa = PBXFileReference; lastKnownFileType = sourcecode.c.objc; path = main.m; sourceTree = "<group>"; };
		2A8DA7C116701D6200A105F6 /* Fittr-Prefix.pch */ = {isa = PBXFileReference; lastKnownFileType = sourcecode.c.h; path = "Fittr-Prefix.pch"; sourceTree = "<group>"; };
		2A8DA7C216701D6200A105F6 /* AppDelegate.h */ = {isa = PBXFileReference; lastKnownFileType = sourcecode.c.h; path = AppDelegate.h; sourceTree = "<group>"; };
		2A8DA7C316701D6200A105F6 /* AppDelegate.m */ = {isa = PBXFileReference; lastKnownFileType = sourcecode.c.objc; path = AppDelegate.m; sourceTree = "<group>"; };
		2A8DA7C516701D6200A105F6 /* Default.png */ = {isa = PBXFileReference; lastKnownFileType = image.png; path = Default.png; sourceTree = "<group>"; };
		2A8DA7C716701D6200A105F6 /* Default@2x.png */ = {isa = PBXFileReference; lastKnownFileType = image.png; path = "Default@2x.png"; sourceTree = "<group>"; };
		2A8DA7C916701D6200A105F6 /* Default-568h@2x.png */ = {isa = PBXFileReference; lastKnownFileType = image.png; path = "Default-568h@2x.png"; sourceTree = "<group>"; };
		2A8DA7CC16701D6200A105F6 /* en */ = {isa = PBXFileReference; lastKnownFileType = file.storyboard; name = en; path = en.lproj/MainStoryboard.storyboard; sourceTree = "<group>"; };
		2A8DA7CE16701D6200A105F6 /* ViewController.h */ = {isa = PBXFileReference; lastKnownFileType = sourcecode.c.h; path = ViewController.h; sourceTree = "<group>"; };
		2A8DA7CF16701D6200A105F6 /* ViewController.m */ = {isa = PBXFileReference; lastKnownFileType = sourcecode.c.objc; path = ViewController.m; sourceTree = "<group>"; };
		2AF13CD11670201F00B04ABB /* FacebookSDK.framework */ = {isa = PBXFileReference; lastKnownFileType = wrapper.framework; path = FacebookSDK.framework; sourceTree = "<group>"; };
		2AF13CD41670202500B04ABB /* FacebookSDKResources.bundle */ = {isa = PBXFileReference; lastKnownFileType = "wrapper.plug-in"; path = FacebookSDKResources.bundle; sourceTree = "<group>"; };
		2AF13CD51670202500B04ABB /* FBUserSettingsViewResources.bundle */ = {isa = PBXFileReference; lastKnownFileType = "wrapper.plug-in"; path = FBUserSettingsViewResources.bundle; sourceTree = "<group>"; };
		2AF13CDC167020E300B04ABB /* workout.jpg */ = {isa = PBXFileReference; lastKnownFileType = image.jpeg; path = workout.jpg; sourceTree = "<group>"; };
		914994F2167022A600F88B2F /* logo.png */ = {isa = PBXFileReference; lastKnownFileType = image.png; path = logo.png; sourceTree = "<group>"; };
		914994F3167022A600F88B2F /* logo@2x.png */ = {isa = PBXFileReference; lastKnownFileType = image.png; path = "logo@2x.png"; sourceTree = "<group>"; };
		9153588816792E6B00BE9863 /* titlebg.png */ = {isa = PBXFileReference; lastKnownFileType = image.png; path = titlebg.png; sourceTree = "<group>"; };
		9153588916792E6B00BE9863 /* titlebg@2x.png */ = {isa = PBXFileReference; lastKnownFileType = image.png; path = "titlebg@2x.png"; sourceTree = "<group>"; };
		915B071B1678F80100A8BBA0 /* loginbg.png */ = {isa = PBXFileReference; lastKnownFileType = image.png; path = loginbg.png; sourceTree = "<group>"; };
		915B071C1678F80100A8BBA0 /* connectwfb@2x.png */ = {isa = PBXFileReference; lastKnownFileType = image.png; path = "connectwfb@2x.png"; sourceTree = "<group>"; };
		915B071D1678F80100A8BBA0 /* connectwfbclick@2x.png */ = {isa = PBXFileReference; lastKnownFileType = image.png; path = "connectwfbclick@2x.png"; sourceTree = "<group>"; };
		915B07221678F8CB00A8BBA0 /* roundrectbg.png */ = {isa = PBXFileReference; lastKnownFileType = image.png; path = roundrectbg.png; sourceTree = "<group>"; };
		915B07231678F8CB00A8BBA0 /* roundrectbgclick.png */ = {isa = PBXFileReference; lastKnownFileType = image.png; path = roundrectbgclick.png; sourceTree = "<group>"; };
		915B07241678F8CB00A8BBA0 /* roundrectbg@2x.png */ = {isa = PBXFileReference; lastKnownFileType = image.png; path = "roundrectbg@2x.png"; sourceTree = "<group>"; };
		915B07251678F8CB00A8BBA0 /* roundrectbgclick@2x.png */ = {isa = PBXFileReference; lastKnownFileType = image.png; path = "roundrectbgclick@2x.png"; sourceTree = "<group>"; };
		915B072E1679127500A8BBA0 /* startworkout.png */ = {isa = PBXFileReference; lastKnownFileType = image.png; path = startworkout.png; sourceTree = "<group>"; };
		915B072F1679127500A8BBA0 /* startworkoutclick.png */ = {isa = PBXFileReference; lastKnownFileType = image.png; path = startworkoutclick.png; sourceTree = "<group>"; };
		915B07301679127500A8BBA0 /* startworkoutclick@2x.png */ = {isa = PBXFileReference; lastKnownFileType = image.png; path = "startworkoutclick@2x.png"; sourceTree = "<group>"; };
		915B07311679127500A8BBA0 /* startworkout@2x.png */ = {isa = PBXFileReference; lastKnownFileType = image.png; path = "startworkout@2x.png"; sourceTree = "<group>"; };
		915B07361679176000A8BBA0 /* segments.png */ = {isa = PBXFileReference; lastKnownFileType = image.png; path = segments.png; sourceTree = "<group>"; };
		915B07371679176000A8BBA0 /* segments@2x.png */ = {isa = PBXFileReference; lastKnownFileType = image.png; path = "segments@2x.png"; sourceTree = "<group>"; };
		915B073C16792D2B00A8BBA0 /* wrktabg.png */ = {isa = PBXFileReference; lastKnownFileType = image.png; path = wrktabg.png; sourceTree = "<group>"; };
		915B073D16792D2C00A8BBA0 /* wrktabg@2x.png */ = {isa = PBXFileReference; lastKnownFileType = image.png; path = "wrktabg@2x.png"; sourceTree = "<group>"; };
		9163196D167D129F00753438 /* tabbg.png */ = {isa = PBXFileReference; lastKnownFileType = image.png; path = tabbg.png; sourceTree = "<group>"; };
		9163196E167D129F00753438 /* tabbg@2x.png */ = {isa = PBXFileReference; lastKnownFileType = image.png; path = "tabbg@2x.png"; sourceTree = "<group>"; };
		91631971167D134500753438 /* tabselected.png */ = {isa = PBXFileReference; lastKnownFileType = image.png; path = tabselected.png; sourceTree = "<group>"; };
		91631972167D134500753438 /* tabselected@2x.png */ = {isa = PBXFileReference; lastKnownFileType = image.png; path = "tabselected@2x.png"; sourceTree = "<group>"; };
		91631975167D16A900753438 /* settings.png */ = {isa = PBXFileReference; lastKnownFileType = image.png; path = settings.png; sourceTree = "<group>"; };
		91631976167D16AA00753438 /* alexis.png */ = {isa = PBXFileReference; lastKnownFileType = image.png; path = alexis.png; sourceTree = "<group>"; };
		91631977167D16AC00753438 /* workout.png */ = {isa = PBXFileReference; lastKnownFileType = image.png; path = workout.png; sourceTree = "<group>"; };
		91631978167D16B000753438 /* feed.png */ = {isa = PBXFileReference; lastKnownFileType = image.png; path = feed.png; sourceTree = "<group>"; };
		91631979167D16B500753438 /* you.png */ = {isa = PBXFileReference; lastKnownFileType = image.png; path = you.png; sourceTree = "<group>"; };
		917192A1167D2C49003E1B62 /* workouttabbut.png */ = {isa = PBXFileReference; lastKnownFileType = image.png; path = workouttabbut.png; sourceTree = "<group>"; };
		91BD7AF816718B85008423D3 /* Default.png */ = {isa = PBXFileReference; lastKnownFileType = image.png; name = Default.png; path = ../Default.png; sourceTree = "<group>"; };
		91E1463416703AE300322939 /* applogo@2x.png */ = {isa = PBXFileReference; lastKnownFileType = image.png; name = "applogo@2x.png"; path = "../applogo@2x.png"; sourceTree = "<group>"; };
		91E1463716703B0700322939 /* applogo.png */ = {isa = PBXFileReference; lastKnownFileType = image.png; name = applogo.png; path = ../applogo.png; sourceTree = "<group>"; };
/* End PBXFileReference section */

/* Begin PBXFrameworksBuildPhase section */
		2A8DA7AC16701D6200A105F6 /* Frameworks */ = {
			isa = PBXFrameworksBuildPhase;
			buildActionMask = 2147483647;
			files = (
				2A24D8CF167CE5EF002920C0 /* QuartzCore.framework in Frameworks */,
				2A4219F8167A4E1F00753D8F /* AdSupport.framework in Frameworks */,
				2A4219F5167A4E1800753D8F /* Accounts.framework in Frameworks */,
				2A8DA7B416701D6200A105F6 /* UIKit.framework in Frameworks */,
				2A8DA7B616701D6200A105F6 /* Foundation.framework in Frameworks */,
				2A8DA7B816701D6200A105F6 /* CoreGraphics.framework in Frameworks */,
				2AF13CD21670201F00B04ABB /* FacebookSDK.framework in Frameworks */,
			);
			runOnlyForDeploymentPostprocessing = 0;
		};
/* End PBXFrameworksBuildPhase section */

/* Begin PBXGroup section */
		2A13C8A8167D27B30082C4DF /* Tab Bar */ = {
			isa = PBXGroup;
			children = (
				917192A1167D2C49003E1B62 /* workouttabbut.png */,
				91631975167D16A900753438 /* settings.png */,
				91631976167D16AA00753438 /* alexis.png */,
				91631977167D16AC00753438 /* workout.png */,
				91631978167D16B000753438 /* feed.png */,
				91631979167D16B500753438 /* you.png */,
				91631972167D134500753438 /* tabselected@2x.png */,
				9163196D167D129F00753438 /* tabbg.png */,
				91631971167D134500753438 /* tabselected.png */,
				9163196E167D129F00753438 /* tabbg@2x.png */,
				915B073D16792D2C00A8BBA0 /* wrktabg@2x.png */,
				915B073C16792D2B00A8BBA0 /* wrktabg.png */,
			);
			name = "Tab Bar";
			sourceTree = "<group>";
		};
		2A24D8CB167CE255002920C0 /* Fonts */ = {
			isa = PBXGroup;
			children = (
				2A13C8B0167D29980082C4DF /* Helvetica LT 55 Roman.ttf */,
				2A24D8CC167CE262002920C0 /* lobster.ttf */,
			);
			name = Fonts;
			sourceTree = "<group>";
		};
		2A8DA7A416701D6200A105F6 = {
			isa = PBXGroup;
			children = (
				2A8DA7B916701D6200A105F6 /* FittrIOS */,
				2A8DA7B216701D6200A105F6 /* Frameworks */,
				2A8DA7B016701D6200A105F6 /* Products */,
			);
			sourceTree = "<group>";
		};
		2A8DA7B016701D6200A105F6 /* Products */ = {
			isa = PBXGroup;
			children = (
				2A8DA7AF16701D6200A105F6 /* Fittr.app */,
			);
			name = Products;
			sourceTree = "<group>";
		};
		2A8DA7B216701D6200A105F6 /* Frameworks */ = {
			isa = PBXGroup;
			children = (
				2A24D8CE167CE5EF002920C0 /* QuartzCore.framework */,
				2A4219F7167A4E1F00753D8F /* AdSupport.framework */,
				2A4219F4167A4E1800753D8F /* Accounts.framework */,
				2AF13CD41670202500B04ABB /* FacebookSDKResources.bundle */,
				2AF13CD51670202500B04ABB /* FBUserSettingsViewResources.bundle */,
				2AF13CD11670201F00B04ABB /* FacebookSDK.framework */,
				2A8DA7B316701D6200A105F6 /* UIKit.framework */,
				2A8DA7B516701D6200A105F6 /* Foundation.framework */,
				2A8DA7B716701D6200A105F6 /* CoreGraphics.framework */,
			);
			name = Frameworks;
			sourceTree = "<group>";
		};
		2A8DA7B916701D6200A105F6 /* FittrIOS */ = {
			isa = PBXGroup;
			children = (
				2A13C8CE167D65070082C4DF /* RestKit.xcodeproj */,
				2A8DA7C216701D6200A105F6 /* AppDelegate.h */,
				2A8DA7C316701D6200A105F6 /* AppDelegate.m */,
				2A8DA7CB16701D6200A105F6 /* MainStoryboard.storyboard */,
				2A8DA7CE16701D6200A105F6 /* ViewController.h */,
				2A8DA7CF16701D6200A105F6 /* ViewController.m */,
				2A8DA7BA16701D6200A105F6 /* Supporting Files */,
				2A13C8C5167D49B10082C4DF /* LoginViewController.h */,
				2A13C8C6167D49B10082C4DF /* LoginViewController.m */,
				2A13C8C8167D52380082C4DF /* DrawingView.h */,
				2A13C8C9167D52380082C4DF /* DrawingView.m */,
			);
			path = FittrIOS;
			sourceTree = "<group>";
		};
		2A8DA7BA16701D6200A105F6 /* Supporting Files */ = {
			isa = PBXGroup;
			children = (
				2A24D8CB167CE255002920C0 /* Fonts */,
				2AF13CD91670203B00B04ABB /* Images */,
				2A8DA7BB16701D6200A105F6 /* Fittr-Info.plist */,
				2A8DA7BC16701D6200A105F6 /* InfoPlist.strings */,
				2A8DA7BF16701D6200A105F6 /* main.m */,
				2A8DA7C116701D6200A105F6 /* Fittr-Prefix.pch */,
				2A8DA7C516701D6200A105F6 /* Default.png */,
				2A8DA7C716701D6200A105F6 /* Default@2x.png */,
				2A8DA7C916701D6200A105F6 /* Default-568h@2x.png */,
			);
			name = "Supporting Files";
			sourceTree = "<group>";
		};
		2AF13CD91670203B00B04ABB /* Images */ = {
			isa = PBXGroup;
			children = (
				2A13C8A8167D27B30082C4DF /* Tab Bar */,
				91BD7AF816718B85008423D3 /* Default.png */,
				91E1463716703B0700322939 /* applogo.png */,
				91E1463416703AE300322939 /* applogo@2x.png */,
				9153588816792E6B00BE9863 /* titlebg.png */,
				9153588916792E6B00BE9863 /* titlebg@2x.png */,
				915B07361679176000A8BBA0 /* segments.png */,
				915B07371679176000A8BBA0 /* segments@2x.png */,
				915B072E1679127500A8BBA0 /* startworkout.png */,
				915B072F1679127500A8BBA0 /* startworkoutclick.png */,
				915B07301679127500A8BBA0 /* startworkoutclick@2x.png */,
				915B07311679127500A8BBA0 /* startworkout@2x.png */,
				915B07221678F8CB00A8BBA0 /* roundrectbg.png */,
				915B07231678F8CB00A8BBA0 /* roundrectbgclick.png */,
				915B07241678F8CB00A8BBA0 /* roundrectbg@2x.png */,
				915B07251678F8CB00A8BBA0 /* roundrectbgclick@2x.png */,
				915B071C1678F80100A8BBA0 /* connectwfb@2x.png */,
				915B071D1678F80100A8BBA0 /* connectwfbclick@2x.png */,
				915B071B1678F80100A8BBA0 /* loginbg.png */,
				914994F2167022A600F88B2F /* logo.png */,
				914994F3167022A600F88B2F /* logo@2x.png */,
				2AF13CDC167020E300B04ABB /* workout.jpg */,
			);
			name = Images;
			sourceTree = "<group>";
		};
/* End PBXGroup section */

/* Begin PBXNativeTarget section */
		2A8DA7AE16701D6200A105F6 /* Fittr */ = {
			isa = PBXNativeTarget;
			buildConfigurationList = 2A8DA7D316701D6200A105F6 /* Build configuration list for PBXNativeTarget "Fittr" */;
			buildPhases = (
				2A8DA7AB16701D6200A105F6 /* Sources */,
				2A8DA7AC16701D6200A105F6 /* Frameworks */,
				2A8DA7AD16701D6200A105F6 /* Resources */,
			);
			buildRules = (
			);
			dependencies = (
			);
			name = Fittr;
			productName = FittrIOS;
			productReference = 2A8DA7AF16701D6200A105F6 /* Fittr.app */;
			productType = "com.apple.product-type.application";
		};
/* End PBXNativeTarget section */

/* Begin PBXProject section */
		2A8DA7A616701D6200A105F6 /* Project object */ = {
			isa = PBXProject;
			attributes = {
				LastUpgradeCheck = 0450;
				ORGANIZATIONNAME = GndFloor;
			};
			buildConfigurationList = 2A8DA7A916701D6200A105F6 /* Build configuration list for PBXProject "Fittr" */;
			compatibilityVersion = "Xcode 3.2";
			developmentRegion = English;
			hasScannedForEncodings = 0;
			knownRegions = (
				en,
			);
			mainGroup = 2A8DA7A416701D6200A105F6;
			productRefGroup = 2A8DA7B016701D6200A105F6 /* Products */;
			projectDirPath = "";
			projectRoot = "";
			targets = (
				2A8DA7AE16701D6200A105F6 /* Fittr */,
			);
		};
/* End PBXProject section */

/* Begin PBXResourcesBuildPhase section */
		2A8DA7AD16701D6200A105F6 /* Resources */ = {
			isa = PBXResourcesBuildPhase;
			buildActionMask = 2147483647;
			files = (
				2A8DA7BE16701D6200A105F6 /* InfoPlist.strings in Resources */,
				2A8DA7C616701D6200A105F6 /* Default.png in Resources */,
				2A8DA7C816701D6200A105F6 /* Default@2x.png in Resources */,
				2A8DA7CA16701D6200A105F6 /* Default-568h@2x.png in Resources */,
				2A8DA7CD16701D6200A105F6 /* MainStoryboard.storyboard in Resources */,
				2AF13CD61670202500B04ABB /* FacebookSDKResources.bundle in Resources */,
				2AF13CD71670202500B04ABB /* FBUserSettingsViewResources.bundle in Resources */,
				2AF13CDD167020E300B04ABB /* workout.jpg in Resources */,
				914994F4167022A600F88B2F /* logo.png in Resources */,
				914994F5167022A600F88B2F /* logo@2x.png in Resources */,
				91E1463516703AE300322939 /* applogo@2x.png in Resources */,
				91E1463816703B0700322939 /* applogo.png in Resources */,
				91BD7AF916718B85008423D3 /* Default.png in Resources */,
				915B071E1678F80100A8BBA0 /* loginbg.png in Resources */,
				915B071F1678F80100A8BBA0 /* connectwfb@2x.png in Resources */,
				915B07201678F80100A8BBA0 /* connectwfbclick@2x.png in Resources */,
				915B07261678F8CB00A8BBA0 /* roundrectbg.png in Resources */,
				915B07271678F8CB00A8BBA0 /* roundrectbgclick.png in Resources */,
				915B07281678F8CB00A8BBA0 /* roundrectbg@2x.png in Resources */,
				915B07291678F8CB00A8BBA0 /* roundrectbgclick@2x.png in Resources */,
				915B07321679127500A8BBA0 /* startworkout.png in Resources */,
				915B07331679127500A8BBA0 /* startworkoutclick.png in Resources */,
				915B07341679127500A8BBA0 /* startworkoutclick@2x.png in Resources */,
				915B07351679127500A8BBA0 /* startworkout@2x.png in Resources */,
				915B07381679176100A8BBA0 /* segments.png in Resources */,
				915B07391679176100A8BBA0 /* segments@2x.png in Resources */,
				915B074016792D2C00A8BBA0 /* wrktabg.png in Resources */,
				915B074116792D2C00A8BBA0 /* wrktabg@2x.png in Resources */,
				9153588A16792E6C00BE9863 /* titlebg.png in Resources */,
				9153588B16792E6C00BE9863 /* titlebg@2x.png in Resources */,
				2A24D8CD167CE262002920C0 /* lobster.ttf in Resources */,
				9163196F167D12A000753438 /* tabbg.png in Resources */,
				91631970167D12A000753438 /* tabbg@2x.png in Resources */,
				91631973167D134600753438 /* tabselected.png in Resources */,
				91631974167D134600753438 /* tabselected@2x.png in Resources */,
				9163197F167D16F000753438 /* settings.png in Resources */,
				91631980167D16F000753438 /* alexis.png in Resources */,
				91631981167D16F000753438 /* workout.png in Resources */,
				91631982167D16F000753438 /* feed.png in Resources */,
				91631983167D16F000753438 /* you.png in Resources */,
				2A13C8B1167D29980082C4DF /* Helvetica LT 55 Roman.ttf in Resources */,
				917192A2167D2C49003E1B62 /* workouttabbut.png in Resources */,
			);
			runOnlyForDeploymentPostprocessing = 0;
		};
/* End PBXResourcesBuildPhase section */

/* Begin PBXSourcesBuildPhase section */
		2A8DA7AB16701D6200A105F6 /* Sources */ = {
			isa = PBXSourcesBuildPhase;
			buildActionMask = 2147483647;
			files = (
				2A8DA7C016701D6200A105F6 /* main.m in Sources */,
				2A8DA7C416701D6200A105F6 /* AppDelegate.m in Sources */,
				2A8DA7D016701D6200A105F6 /* ViewController.m in Sources */,
				2A13C8C7167D49B10082C4DF /* LoginViewController.m in Sources */,
				2A13C8CA167D52380082C4DF /* DrawingView.m in Sources */,
			);
			runOnlyForDeploymentPostprocessing = 0;
		};
/* End PBXSourcesBuildPhase section */

/* Begin PBXVariantGroup section */
		2A8DA7BC16701D6200A105F6 /* InfoPlist.strings */ = {
			isa = PBXVariantGroup;
			children = (
				2A8DA7BD16701D6200A105F6 /* en */,
			);
			name = InfoPlist.strings;
			sourceTree = "<group>";
		};
		2A8DA7CB16701D6200A105F6 /* MainStoryboard.storyboard */ = {
			isa = PBXVariantGroup;
			children = (
				2A8DA7CC16701D6200A105F6 /* en */,
			);
			name = MainStoryboard.storyboard;
			sourceTree = "<group>";
		};
/* End PBXVariantGroup section */

/* Begin XCBuildConfiguration section */
		2A8DA7D116701D6200A105F6 /* Debug */ = {
			isa = XCBuildConfiguration;
			buildSettings = {
				ALWAYS_SEARCH_USER_PATHS = NO;
				CLANG_CXX_LANGUAGE_STANDARD = "gnu++0x";
				CLANG_CXX_LIBRARY = "libc++";
				CLANG_ENABLE_OBJC_ARC = YES;
				CLANG_WARN_EMPTY_BODY = YES;
				CLANG_WARN__DUPLICATE_METHOD_MATCH = YES;
				"CODE_SIGN_IDENTITY[sdk=iphoneos*]" = "iPhone Developer";
				COPY_PHASE_STRIP = NO;
				GCC_C_LANGUAGE_STANDARD = gnu99;
				GCC_DYNAMIC_NO_PIC = NO;
				GCC_OPTIMIZATION_LEVEL = 0;
				GCC_PREPROCESSOR_DEFINITIONS = (
					"DEBUG=1",
					"$(inherited)",
				);
				GCC_SYMBOLS_PRIVATE_EXTERN = NO;
				GCC_WARN_ABOUT_RETURN_TYPE = YES;
				GCC_WARN_UNINITIALIZED_AUTOS = YES;
				GCC_WARN_UNUSED_VARIABLE = YES;
				IPHONEOS_DEPLOYMENT_TARGET = 6.0;
				ONLY_ACTIVE_ARCH = YES;
				SDKROOT = iphoneos;
			};
			name = Debug;
		};
		2A8DA7D216701D6200A105F6 /* Release */ = {
			isa = XCBuildConfiguration;
			buildSettings = {
				ALWAYS_SEARCH_USER_PATHS = NO;
				CLANG_CXX_LANGUAGE_STANDARD = "gnu++0x";
				CLANG_CXX_LIBRARY = "libc++";
				CLANG_ENABLE_OBJC_ARC = YES;
				CLANG_WARN_EMPTY_BODY = YES;
				CLANG_WARN__DUPLICATE_METHOD_MATCH = YES;
				"CODE_SIGN_IDENTITY[sdk=iphoneos*]" = "iPhone Developer";
				COPY_PHASE_STRIP = YES;
				GCC_C_LANGUAGE_STANDARD = gnu99;
				GCC_WARN_ABOUT_RETURN_TYPE = YES;
				GCC_WARN_UNINITIALIZED_AUTOS = YES;
				GCC_WARN_UNUSED_VARIABLE = YES;
				IPHONEOS_DEPLOYMENT_TARGET = 6.0;
				OTHER_CFLAGS = "-DNS_BLOCK_ASSERTIONS=1";
				SDKROOT = iphoneos;
				VALIDATE_PRODUCT = YES;
			};
			name = Release;
		};
		2A8DA7D416701D6200A105F6 /* Debug */ = {
			isa = XCBuildConfiguration;
			buildSettings = {
				ALWAYS_SEARCH_USER_PATHS = YES;
				FRAMEWORK_SEARCH_PATHS = (
					"$(inherited)",
					"\"$(SRCROOT)\"",
				);
				GCC_PRECOMPILE_PREFIX_HEADER = YES;
				GCC_PREFIX_HEADER = "FittrIOS/Fittr-Prefix.pch";
				HEADER_SEARCH_PATHS = "\"$(BUILT_PRODUCTS_DIR)/../../Headers\"";
				INFOPLIST_FILE = "FittrIOS/Fittr-Info.plist";
				OTHER_LDFLAGS = "-lsqlite3.0";
				PRODUCT_NAME = "${TARGET_NAME}";
				WRAPPER_EXTENSION = app;
			};
			name = Debug;
		};
		2A8DA7D516701D6200A105F6 /* Release */ = {
			isa = XCBuildConfiguration;
			buildSettings = {
				ALWAYS_SEARCH_USER_PATHS = YES;
				FRAMEWORK_SEARCH_PATHS = (
					"$(inherited)",
					"\"$(SRCROOT)\"",
				);
				GCC_PRECOMPILE_PREFIX_HEADER = YES;
				GCC_PREFIX_HEADER = "FittrIOS/Fittr-Prefix.pch";
				HEADER_SEARCH_PATHS = "\"$(BUILT_PRODUCTS_DIR)/../../Headers\"";
				INFOPLIST_FILE = "FittrIOS/Fittr-Info.plist";
				OTHER_LDFLAGS = "-lsqlite3.0";
				PRODUCT_NAME = "${TARGET_NAME}";
				WRAPPER_EXTENSION = app;
			};
			name = Release;
		};
/* End XCBuildConfiguration section */

/* Begin XCConfigurationList section */
		2A8DA7A916701D6200A105F6 /* Build configuration list for PBXProject "Fittr" */ = {
			isa = XCConfigurationList;
			buildConfigurations = (
				2A8DA7D116701D6200A105F6 /* Debug */,
				2A8DA7D216701D6200A105F6 /* Release */,
			);
			defaultConfigurationIsVisible = 0;
			defaultConfigurationName = Release;
		};
		2A8DA7D316701D6200A105F6 /* Build configuration list for PBXNativeTarget "Fittr" */ = {
			isa = XCConfigurationList;
			buildConfigurations = (
				2A8DA7D416701D6200A105F6 /* Debug */,
				2A8DA7D516701D6200A105F6 /* Release */,
			);
			defaultConfigurationIsVisible = 0;
			defaultConfigurationName = Release;
		};
/* End XCConfigurationList section */
	};
	rootObject = 2A8DA7A616701D6200A105F6 /* Project object */;
}
